
Microsoft Visual Studio Solution File, Format Version 12.00
# Visual Studio Version 17
VisualStudioVersion = 17.4.33205.214
MinimumVisualStudioVersion = 10.0.40219.1
Project("{2150E333-8FDC-42A3-9474-1A3956D46DE8}") = "Solution Items", "Solution Items", "{DBBB5217-D71C-4C39-9310-3D21BE72D241}"
	ProjectSection(SolutionItems) = preProject
		.editorconfig = .editorconfig
		AssemblyInfo.Shared.cs = AssemblyInfo.Shared.cs
		..\CHANGELOG.md = ..\CHANGELOG.md
		Pscx.ico = Pscx.ico
		PscxIcon.psd = PscxIcon.psd
		PSGalleryPublishInstructions.txt = PSGalleryPublishInstructions.txt
		..\README.md = ..\README.md
	EndProjectSection
EndProject
Project("{9A19103F-16F7-4668-BE54-9A1E7A4F7556}") = "Pscx.UnitTests", "Pscx.UnitTests\Pscx.UnitTests.csproj", "{2CAE8B46-1C50-4997-803B-180EF6938E1B}"
EndProject
Project("{9A19103F-16F7-4668-BE54-9A1E7A4F7556}") = "Pscx.Core", "Pscx.Core\Pscx.Core.csproj", "{2527CA26-82B6-4E2C-8199-25E5986A8AA2}"
EndProject
Project("{9A19103F-16F7-4668-BE54-9A1E7A4F7556}") = "Pscx", "Pscx\Pscx.csproj", "{CAC61CE5-BD44-469A-A27E-8BC945E84019}"
EndProject
Project("{2150E333-8FDC-42A3-9474-1A3956D46DE8}") = "Tools", "Tools", "{C7B8B3B8-F837-44E1-A37B-D0B4C768788A}"
	ProjectSection(SolutionItems) = preProject
		..\Tools\generate-markdown-docs.ps1 = ..\Tools\generate-markdown-docs.ps1
		..\Tools\pscx-postbuild.ps1 = ..\Tools\pscx-postbuild.ps1
		..\Tools\pscxcore-postbuild.ps1 = ..\Tools\pscxcore-postbuild.ps1
		..\Tools\pscxcore-prebuild.ps1 = ..\Tools\pscxcore-prebuild.ps1
		..\Tools\pscxhelp-postbuild.ps1 = ..\Tools\pscxhelp-postbuild.ps1
		..\Tools\pscxwin-postbuild.ps1 = ..\Tools\pscxwin-postbuild.ps1
		..\Tools\SignScripts.ps1 = ..\Tools\SignScripts.ps1
		..\Tools\version_update.ps1 = ..\Tools\version_update.ps1
	EndProjectSection
EndProject
Project("{9A19103F-16F7-4668-BE54-9A1E7A4F7556}") = "Pscx.Help", "Pscx.Help\Pscx.Help.csproj", "{D3D27E19-ECBB-486B-B051-828A5A794130}"
	ProjectSection(ProjectDependencies) = postProject
		{63001DE9-3474-409D-B97B-033EE163FCA4} = {63001DE9-3474-409D-B97B-033EE163FCA4}
	EndProjectSection
EndProject
Project("{9A19103F-16F7-4668-BE54-9A1E7A4F7556}") = "Pscx.Win", "Pscx.Win\Pscx.Win.csproj", "{63001DE9-3474-409D-B97B-033EE163FCA4}"
EndProject
Project("{2150E333-8FDC-42A3-9474-1A3956D46DE8}") = "PipelineBuild", "PipelineBuild", "{48215D77-AAA1-4247-9F2A-1FF99908424E}"
	ProjectSection(SolutionItems) = preProject
		..\.gitattributes = ..\.gitattributes
		..\.gitignore = ..\.gitignore
		..\build.gradle = ..\build.gradle
		..\gradlew = ..\gradlew
		..\gradlew.bat = ..\gradlew.bat
		..\settings.gradle = ..\settings.gradle
	EndProjectSection
EndProject
Project("{FAE04EC0-301F-11D3-BF4B-00C04F79EFBC}") = "EchoArgs", "EchoArgs\EchoArgs.csproj", "{B75A9334-94F2-418E-BC80-D7DB45397D8D}"
EndProject
Project("{FAE04EC0-301F-11D3-BF4B-00C04F79EFBC}") = "ConsoleApp", "ConsoleApp\ConsoleApp.csproj", "{595EF604-2B0C-4378-BFD9-E1AFAC5C9E9A}"
EndProject
Global
	GlobalSection(SolutionConfigurationPlatforms) = preSolution
		Debug|Any CPU = Debug|Any CPU
		Debug|ARM = Debug|ARM
		Debug|ARM64 = Debug|ARM64
		Debug|Mixed Platforms = Debug|Mixed Platforms
		Debug|x64 = Debug|x64
		Debug|x86 = Debug|x86
		Release|Any CPU = Release|Any CPU
		Release|ARM = Release|ARM
		Release|ARM64 = Release|ARM64
		Release|Mixed Platforms = Release|Mixed Platforms
		Release|x64 = Release|x64
		Release|x86 = Release|x86
		Release-Signed|Any CPU = Release-Signed|Any CPU
		Release-Signed|ARM = Release-Signed|ARM
		Release-Signed|ARM64 = Release-Signed|ARM64
		Release-Signed|Mixed Platforms = Release-Signed|Mixed Platforms
		Release-Signed|x64 = Release-Signed|x64
		Release-Signed|x86 = Release-Signed|x86
	EndGlobalSection
	GlobalSection(ProjectConfigurationPlatforms) = postSolution
		{2CAE8B46-1C50-4997-803B-180EF6938E1B}.Debug|Any CPU.ActiveCfg = Debug|Any CPU
		{2CAE8B46-1C50-4997-803B-180EF6938E1B}.Debug|Any CPU.Build.0 = Debug|Any CPU
		{2CAE8B46-1C50-4997-803B-180EF6938E1B}.Debug|ARM.ActiveCfg = Debug|Any CPU
		{2CAE8B46-1C50-4997-803B-180EF6938E1B}.Debug|ARM.Build.0 = Debug|Any CPU
		{2CAE8B46-1C50-4997-803B-180EF6938E1B}.Debug|ARM64.ActiveCfg = Debug|Any CPU
		{2CAE8B46-1C50-4997-803B-180EF6938E1B}.Debug|ARM64.Build.0 = Debug|Any CPU
		{2CAE8B46-1C50-4997-803B-180EF6938E1B}.Debug|Mixed Platforms.ActiveCfg = Debug|Any CPU
		{2CAE8B46-1C50-4997-803B-180EF6938E1B}.Debug|Mixed Platforms.Build.0 = Debug|Any CPU
		{2CAE8B46-1C50-4997-803B-180EF6938E1B}.Debug|x64.ActiveCfg = Debug|Any CPU
		{2CAE8B46-1C50-4997-803B-180EF6938E1B}.Debug|x64.Build.0 = Debug|Any CPU
		{2CAE8B46-1C50-4997-803B-180EF6938E1B}.Debug|x86.ActiveCfg = Debug|Any CPU
		{2CAE8B46-1C50-4997-803B-180EF6938E1B}.Release|Any CPU.ActiveCfg = Release|Any CPU
		{2CAE8B46-1C50-4997-803B-180EF6938E1B}.Release|Any CPU.Build.0 = Release|Any CPU
		{2CAE8B46-1C50-4997-803B-180EF6938E1B}.Release|ARM.ActiveCfg = Release|Any CPU
		{2CAE8B46-1C50-4997-803B-180EF6938E1B}.Release|ARM.Build.0 = Release|Any CPU
		{2CAE8B46-1C50-4997-803B-180EF6938E1B}.Release|ARM64.ActiveCfg = Release|Any CPU
		{2CAE8B46-1C50-4997-803B-180EF6938E1B}.Release|ARM64.Build.0 = Release|Any CPU
		{2CAE8B46-1C50-4997-803B-180EF6938E1B}.Release|Mixed Platforms.ActiveCfg = Release|Any CPU
		{2CAE8B46-1C50-4997-803B-180EF6938E1B}.Release|Mixed Platforms.Build.0 = Release|Any CPU
		{2CAE8B46-1C50-4997-803B-180EF6938E1B}.Release|x64.ActiveCfg = Release|Any CPU
		{2CAE8B46-1C50-4997-803B-180EF6938E1B}.Release|x64.Build.0 = Release|Any CPU
		{2CAE8B46-1C50-4997-803B-180EF6938E1B}.Release|x86.ActiveCfg = Release|Any CPU
		{2CAE8B46-1C50-4997-803B-180EF6938E1B}.Release-Signed|Any CPU.ActiveCfg = Release|Any CPU
		{2CAE8B46-1C50-4997-803B-180EF6938E1B}.Release-Signed|Any CPU.Build.0 = Release|Any CPU
		{2CAE8B46-1C50-4997-803B-180EF6938E1B}.Release-Signed|ARM.ActiveCfg = Release|Any CPU
		{2CAE8B46-1C50-4997-803B-180EF6938E1B}.Release-Signed|ARM.Build.0 = Release|Any CPU
		{2CAE8B46-1C50-4997-803B-180EF6938E1B}.Release-Signed|ARM64.ActiveCfg = Release|Any CPU
		{2CAE8B46-1C50-4997-803B-180EF6938E1B}.Release-Signed|ARM64.Build.0 = Release|Any CPU
		{2CAE8B46-1C50-4997-803B-180EF6938E1B}.Release-Signed|Mixed Platforms.ActiveCfg = Release|Any CPU
		{2CAE8B46-1C50-4997-803B-180EF6938E1B}.Release-Signed|Mixed Platforms.Build.0 = Release|Any CPU
		{2CAE8B46-1C50-4997-803B-180EF6938E1B}.Release-Signed|x64.ActiveCfg = Release|Any CPU
		{2CAE8B46-1C50-4997-803B-180EF6938E1B}.Release-Signed|x64.Build.0 = Release|Any CPU
		{2CAE8B46-1C50-4997-803B-180EF6938E1B}.Release-Signed|x86.ActiveCfg = Release|Any CPU
		{2CAE8B46-1C50-4997-803B-180EF6938E1B}.Release-Signed|x86.Build.0 = Release|Any CPU
		{2527CA26-82B6-4E2C-8199-25E5986A8AA2}.Debug|Any CPU.ActiveCfg = Debug|Any CPU
		{2527CA26-82B6-4E2C-8199-25E5986A8AA2}.Debug|Any CPU.Build.0 = Debug|Any CPU
		{2527CA26-82B6-4E2C-8199-25E5986A8AA2}.Debug|ARM.ActiveCfg = Debug|Any CPU
		{2527CA26-82B6-4E2C-8199-25E5986A8AA2}.Debug|ARM.Build.0 = Debug|Any CPU
		{2527CA26-82B6-4E2C-8199-25E5986A8AA2}.Debug|ARM64.ActiveCfg = Debug|Any CPU
		{2527CA26-82B6-4E2C-8199-25E5986A8AA2}.Debug|ARM64.Build.0 = Debug|Any CPU
		{2527CA26-82B6-4E2C-8199-25E5986A8AA2}.Debug|Mixed Platforms.ActiveCfg = Debug|Any CPU
		{2527CA26-82B6-4E2C-8199-25E5986A8AA2}.Debug|Mixed Platforms.Build.0 = Debug|Any CPU
		{2527CA26-82B6-4E2C-8199-25E5986A8AA2}.Debug|x64.ActiveCfg = Debug|Any CPU
		{2527CA26-82B6-4E2C-8199-25E5986A8AA2}.Debug|x64.Build.0 = Debug|Any CPU
		{2527CA26-82B6-4E2C-8199-25E5986A8AA2}.Debug|x86.ActiveCfg = Debug|Any CPU
		{2527CA26-82B6-4E2C-8199-25E5986A8AA2}.Release|Any CPU.ActiveCfg = Release|Any CPU
		{2527CA26-82B6-4E2C-8199-25E5986A8AA2}.Release|Any CPU.Build.0 = Release|Any CPU
		{2527CA26-82B6-4E2C-8199-25E5986A8AA2}.Release|ARM.ActiveCfg = Release|Any CPU
		{2527CA26-82B6-4E2C-8199-25E5986A8AA2}.Release|ARM.Build.0 = Release|Any CPU
		{2527CA26-82B6-4E2C-8199-25E5986A8AA2}.Release|ARM64.ActiveCfg = Release|Any CPU
		{2527CA26-82B6-4E2C-8199-25E5986A8AA2}.Release|ARM64.Build.0 = Release|Any CPU
		{2527CA26-82B6-4E2C-8199-25E5986A8AA2}.Release|Mixed Platforms.ActiveCfg = Release|Any CPU
		{2527CA26-82B6-4E2C-8199-25E5986A8AA2}.Release|Mixed Platforms.Build.0 = Release|Any CPU
		{2527CA26-82B6-4E2C-8199-25E5986A8AA2}.Release|x64.ActiveCfg = Release|Any CPU
		{2527CA26-82B6-4E2C-8199-25E5986A8AA2}.Release|x64.Build.0 = Release|Any CPU
		{2527CA26-82B6-4E2C-8199-25E5986A8AA2}.Release|x86.ActiveCfg = Release|Any CPU
		{2527CA26-82B6-4E2C-8199-25E5986A8AA2}.Release-Signed|Any CPU.ActiveCfg = Release|Any CPU
		{2527CA26-82B6-4E2C-8199-25E5986A8AA2}.Release-Signed|Any CPU.Build.0 = Release|Any CPU
		{2527CA26-82B6-4E2C-8199-25E5986A8AA2}.Release-Signed|ARM.ActiveCfg = Release|Any CPU
		{2527CA26-82B6-4E2C-8199-25E5986A8AA2}.Release-Signed|ARM.Build.0 = Release|Any CPU
		{2527CA26-82B6-4E2C-8199-25E5986A8AA2}.Release-Signed|ARM64.ActiveCfg = Release|Any CPU
		{2527CA26-82B6-4E2C-8199-25E5986A8AA2}.Release-Signed|ARM64.Build.0 = Release|Any CPU
		{2527CA26-82B6-4E2C-8199-25E5986A8AA2}.Release-Signed|Mixed Platforms.ActiveCfg = Release|Any CPU
		{2527CA26-82B6-4E2C-8199-25E5986A8AA2}.Release-Signed|Mixed Platforms.Build.0 = Release|Any CPU
		{2527CA26-82B6-4E2C-8199-25E5986A8AA2}.Release-Signed|x64.ActiveCfg = Release|Any CPU
		{2527CA26-82B6-4E2C-8199-25E5986A8AA2}.Release-Signed|x64.Build.0 = Release|Any CPU
		{2527CA26-82B6-4E2C-8199-25E5986A8AA2}.Release-Signed|x86.ActiveCfg = Release|Any CPU
		{2527CA26-82B6-4E2C-8199-25E5986A8AA2}.Release-Signed|x86.Build.0 = Release|Any CPU
		{CAC61CE5-BD44-469A-A27E-8BC945E84019}.Debug|Any CPU.ActiveCfg = Debug|Any CPU
		{CAC61CE5-BD44-469A-A27E-8BC945E84019}.Debug|Any CPU.Build.0 = Debug|Any CPU
		{CAC61CE5-BD44-469A-A27E-8BC945E84019}.Debug|ARM.ActiveCfg = Debug|Any CPU
		{CAC61CE5-BD44-469A-A27E-8BC945E84019}.Debug|ARM.Build.0 = Debug|Any CPU
		{CAC61CE5-BD44-469A-A27E-8BC945E84019}.Debug|ARM64.ActiveCfg = Debug|Any CPU
		{CAC61CE5-BD44-469A-A27E-8BC945E84019}.Debug|ARM64.Build.0 = Debug|Any CPU
		{CAC61CE5-BD44-469A-A27E-8BC945E84019}.Debug|Mixed Platforms.ActiveCfg = Debug|Any CPU
		{CAC61CE5-BD44-469A-A27E-8BC945E84019}.Debug|Mixed Platforms.Build.0 = Debug|Any CPU
		{CAC61CE5-BD44-469A-A27E-8BC945E84019}.Debug|x64.ActiveCfg = Debug|Any CPU
		{CAC61CE5-BD44-469A-A27E-8BC945E84019}.Debug|x64.Build.0 = Debug|Any CPU
		{CAC61CE5-BD44-469A-A27E-8BC945E84019}.Debug|x86.ActiveCfg = Debug|Any CPU
		{CAC61CE5-BD44-469A-A27E-8BC945E84019}.Release|Any CPU.ActiveCfg = Release|Any CPU
		{CAC61CE5-BD44-469A-A27E-8BC945E84019}.Release|Any CPU.Build.0 = Release|Any CPU
		{CAC61CE5-BD44-469A-A27E-8BC945E84019}.Release|ARM.ActiveCfg = Release|Any CPU
		{CAC61CE5-BD44-469A-A27E-8BC945E84019}.Release|ARM.Build.0 = Release|Any CPU
		{CAC61CE5-BD44-469A-A27E-8BC945E84019}.Release|ARM64.ActiveCfg = Release|Any CPU
		{CAC61CE5-BD44-469A-A27E-8BC945E84019}.Release|ARM64.Build.0 = Release|Any CPU
		{CAC61CE5-BD44-469A-A27E-8BC945E84019}.Release|Mixed Platforms.ActiveCfg = Release|Any CPU
		{CAC61CE5-BD44-469A-A27E-8BC945E84019}.Release|Mixed Platforms.Build.0 = Release|Any CPU
		{CAC61CE5-BD44-469A-A27E-8BC945E84019}.Release|x64.ActiveCfg = Release|Any CPU
		{CAC61CE5-BD44-469A-A27E-8BC945E84019}.Release|x64.Build.0 = Release|Any CPU
		{CAC61CE5-BD44-469A-A27E-8BC945E84019}.Release|x86.ActiveCfg = Release|Any CPU
		{CAC61CE5-BD44-469A-A27E-8BC945E84019}.Release-Signed|Any CPU.ActiveCfg = Release|Any CPU
		{CAC61CE5-BD44-469A-A27E-8BC945E84019}.Release-Signed|Any CPU.Build.0 = Release|Any CPU
		{CAC61CE5-BD44-469A-A27E-8BC945E84019}.Release-Signed|ARM.ActiveCfg = Release|Any CPU
		{CAC61CE5-BD44-469A-A27E-8BC945E84019}.Release-Signed|ARM.Build.0 = Release|Any CPU
		{CAC61CE5-BD44-469A-A27E-8BC945E84019}.Release-Signed|ARM64.ActiveCfg = Release|Any CPU
		{CAC61CE5-BD44-469A-A27E-8BC945E84019}.Release-Signed|ARM64.Build.0 = Release|Any CPU
		{CAC61CE5-BD44-469A-A27E-8BC945E84019}.Release-Signed|Mixed Platforms.ActiveCfg = Release|Any CPU
		{CAC61CE5-BD44-469A-A27E-8BC945E84019}.Release-Signed|Mixed Platforms.Build.0 = Release|Any CPU
		{CAC61CE5-BD44-469A-A27E-8BC945E84019}.Release-Signed|x64.ActiveCfg = Release|Any CPU
		{CAC61CE5-BD44-469A-A27E-8BC945E84019}.Release-Signed|x64.Build.0 = Release|Any CPU
		{CAC61CE5-BD44-469A-A27E-8BC945E84019}.Release-Signed|x86.ActiveCfg = Release|Any CPU
		{CAC61CE5-BD44-469A-A27E-8BC945E84019}.Release-Signed|x86.Build.0 = Release|Any CPU
		{D3D27E19-ECBB-486B-B051-828A5A794130}.Debug|Any CPU.ActiveCfg = Debug|Any CPU
		{D3D27E19-ECBB-486B-B051-828A5A794130}.Debug|Any CPU.Build.0 = Debug|Any CPU
		{D3D27E19-ECBB-486B-B051-828A5A794130}.Debug|ARM.ActiveCfg = Debug|Any CPU
		{D3D27E19-ECBB-486B-B051-828A5A794130}.Debug|ARM.Build.0 = Debug|Any CPU
		{D3D27E19-ECBB-486B-B051-828A5A794130}.Debug|ARM64.ActiveCfg = Debug|Any CPU
		{D3D27E19-ECBB-486B-B051-828A5A794130}.Debug|ARM64.Build.0 = Debug|Any CPU
		{D3D27E19-ECBB-486B-B051-828A5A794130}.Debug|Mixed Platforms.ActiveCfg = Debug|Any CPU
		{D3D27E19-ECBB-486B-B051-828A5A794130}.Debug|Mixed Platforms.Build.0 = Debug|Any CPU
		{D3D27E19-ECBB-486B-B051-828A5A794130}.Debug|x64.ActiveCfg = Debug|Any CPU
		{D3D27E19-ECBB-486B-B051-828A5A794130}.Debug|x64.Build.0 = Debug|Any CPU
		{D3D27E19-ECBB-486B-B051-828A5A794130}.Debug|x86.ActiveCfg = Debug|Any CPU
		{D3D27E19-ECBB-486B-B051-828A5A794130}.Debug|x86.Build.0 = Debug|Any CPU
		{D3D27E19-ECBB-486B-B051-828A5A794130}.Release|Any CPU.ActiveCfg = Release|Any CPU
		{D3D27E19-ECBB-486B-B051-828A5A794130}.Release|Any CPU.Build.0 = Release|Any CPU
		{D3D27E19-ECBB-486B-B051-828A5A794130}.Release|ARM.ActiveCfg = Release|Any CPU
		{D3D27E19-ECBB-486B-B051-828A5A794130}.Release|ARM.Build.0 = Release|Any CPU
		{D3D27E19-ECBB-486B-B051-828A5A794130}.Release|ARM64.ActiveCfg = Release|Any CPU
		{D3D27E19-ECBB-486B-B051-828A5A794130}.Release|ARM64.Build.0 = Release|Any CPU
		{D3D27E19-ECBB-486B-B051-828A5A794130}.Release|Mixed Platforms.ActiveCfg = Release|Any CPU
		{D3D27E19-ECBB-486B-B051-828A5A794130}.Release|Mixed Platforms.Build.0 = Release|Any CPU
		{D3D27E19-ECBB-486B-B051-828A5A794130}.Release|x64.ActiveCfg = Release|Any CPU
		{D3D27E19-ECBB-486B-B051-828A5A794130}.Release|x64.Build.0 = Release|Any CPU
		{D3D27E19-ECBB-486B-B051-828A5A794130}.Release|x86.ActiveCfg = Release|Any CPU
		{D3D27E19-ECBB-486B-B051-828A5A794130}.Release|x86.Build.0 = Release|Any CPU
		{D3D27E19-ECBB-486B-B051-828A5A794130}.Release-Signed|Any CPU.ActiveCfg = Release|Any CPU
		{D3D27E19-ECBB-486B-B051-828A5A794130}.Release-Signed|Any CPU.Build.0 = Release|Any CPU
		{D3D27E19-ECBB-486B-B051-828A5A794130}.Release-Signed|ARM.ActiveCfg = Release|Any CPU
		{D3D27E19-ECBB-486B-B051-828A5A794130}.Release-Signed|ARM.Build.0 = Release|Any CPU
		{D3D27E19-ECBB-486B-B051-828A5A794130}.Release-Signed|ARM64.ActiveCfg = Release|Any CPU
		{D3D27E19-ECBB-486B-B051-828A5A794130}.Release-Signed|ARM64.Build.0 = Release|Any CPU
		{D3D27E19-ECBB-486B-B051-828A5A794130}.Release-Signed|Mixed Platforms.ActiveCfg = Release|Any CPU
		{D3D27E19-ECBB-486B-B051-828A5A794130}.Release-Signed|Mixed Platforms.Build.0 = Release|Any CPU
		{D3D27E19-ECBB-486B-B051-828A5A794130}.Release-Signed|x64.ActiveCfg = Release|Any CPU
		{D3D27E19-ECBB-486B-B051-828A5A794130}.Release-Signed|x64.Build.0 = Release|Any CPU
		{D3D27E19-ECBB-486B-B051-828A5A794130}.Release-Signed|x86.ActiveCfg = Release|Any CPU
		{D3D27E19-ECBB-486B-B051-828A5A794130}.Release-Signed|x86.Build.0 = Release|Any CPU
		{63001DE9-3474-409D-B97B-033EE163FCA4}.Debug|Any CPU.ActiveCfg = Debug|Any CPU
		{63001DE9-3474-409D-B97B-033EE163FCA4}.Debug|Any CPU.Build.0 = Debug|Any CPU
		{63001DE9-3474-409D-B97B-033EE163FCA4}.Debug|ARM.ActiveCfg = Debug|Any CPU
		{63001DE9-3474-409D-B97B-033EE163FCA4}.Debug|ARM.Build.0 = Debug|Any CPU
		{63001DE9-3474-409D-B97B-033EE163FCA4}.Debug|ARM64.ActiveCfg = Debug|Any CPU
		{63001DE9-3474-409D-B97B-033EE163FCA4}.Debug|ARM64.Build.0 = Debug|Any CPU
		{63001DE9-3474-409D-B97B-033EE163FCA4}.Debug|Mixed Platforms.ActiveCfg = Debug|Any CPU
		{63001DE9-3474-409D-B97B-033EE163FCA4}.Debug|Mixed Platforms.Build.0 = Debug|Any CPU
		{63001DE9-3474-409D-B97B-033EE163FCA4}.Debug|x64.ActiveCfg = Debug|Any CPU
		{63001DE9-3474-409D-B97B-033EE163FCA4}.Debug|x64.Build.0 = Debug|Any CPU
		{63001DE9-3474-409D-B97B-033EE163FCA4}.Debug|x86.ActiveCfg = Debug|Any CPU
		{63001DE9-3474-409D-B97B-033EE163FCA4}.Debug|x86.Build.0 = Debug|Any CPU
		{63001DE9-3474-409D-B97B-033EE163FCA4}.Release|Any CPU.ActiveCfg = Release|Any CPU
		{63001DE9-3474-409D-B97B-033EE163FCA4}.Release|Any CPU.Build.0 = Release|Any CPU
		{63001DE9-3474-409D-B97B-033EE163FCA4}.Release|ARM.ActiveCfg = Release|Any CPU
		{63001DE9-3474-409D-B97B-033EE163FCA4}.Release|ARM.Build.0 = Release|Any CPU
		{63001DE9-3474-409D-B97B-033EE163FCA4}.Release|ARM64.ActiveCfg = Release|Any CPU
		{63001DE9-3474-409D-B97B-033EE163FCA4}.Release|ARM64.Build.0 = Release|Any CPU
		{63001DE9-3474-409D-B97B-033EE163FCA4}.Release|Mixed Platforms.ActiveCfg = Release|Any CPU
		{63001DE9-3474-409D-B97B-033EE163FCA4}.Release|Mixed Platforms.Build.0 = Release|Any CPU
		{63001DE9-3474-409D-B97B-033EE163FCA4}.Release|x64.ActiveCfg = Release|Any CPU
		{63001DE9-3474-409D-B97B-033EE163FCA4}.Release|x64.Build.0 = Release|Any CPU
		{63001DE9-3474-409D-B97B-033EE163FCA4}.Release|x86.ActiveCfg = Release|Any CPU
		{63001DE9-3474-409D-B97B-033EE163FCA4}.Release|x86.Build.0 = Release|Any CPU
		{63001DE9-3474-409D-B97B-033EE163FCA4}.Release-Signed|Any CPU.ActiveCfg = Release|Any CPU
		{63001DE9-3474-409D-B97B-033EE163FCA4}.Release-Signed|Any CPU.Build.0 = Release|Any CPU
		{63001DE9-3474-409D-B97B-033EE163FCA4}.Release-Signed|ARM.ActiveCfg = Release|Any CPU
		{63001DE9-3474-409D-B97B-033EE163FCA4}.Release-Signed|ARM.Build.0 = Release|Any CPU
		{63001DE9-3474-409D-B97B-033EE163FCA4}.Release-Signed|ARM64.ActiveCfg = Release|Any CPU
		{63001DE9-3474-409D-B97B-033EE163FCA4}.Release-Signed|ARM64.Build.0 = Release|Any CPU
		{63001DE9-3474-409D-B97B-033EE163FCA4}.Release-Signed|Mixed Platforms.ActiveCfg = Release|Any CPU
		{63001DE9-3474-409D-B97B-033EE163FCA4}.Release-Signed|Mixed Platforms.Build.0 = Release|Any CPU
		{63001DE9-3474-409D-B97B-033EE163FCA4}.Release-Signed|x64.ActiveCfg = Release|Any CPU
		{63001DE9-3474-409D-B97B-033EE163FCA4}.Release-Signed|x64.Build.0 = Release|Any CPU
		{63001DE9-3474-409D-B97B-033EE163FCA4}.Release-Signed|x86.ActiveCfg = Release|Any CPU
		{63001DE9-3474-409D-B97B-033EE163FCA4}.Release-Signed|x86.Build.0 = Release|Any CPU
		{B75A9334-94F2-418E-BC80-D7DB45397D8D}.Debug|Any CPU.ActiveCfg = Debug|Any CPU
		{B75A9334-94F2-418E-BC80-D7DB45397D8D}.Debug|Any CPU.Build.0 = Debug|Any CPU
		{B75A9334-94F2-418E-BC80-D7DB45397D8D}.Debug|ARM.ActiveCfg = Debug|Any CPU
		{B75A9334-94F2-418E-BC80-D7DB45397D8D}.Debug|ARM.Build.0 = Debug|Any CPU
		{B75A9334-94F2-418E-BC80-D7DB45397D8D}.Debug|ARM64.ActiveCfg = Debug|Any CPU
		{B75A9334-94F2-418E-BC80-D7DB45397D8D}.Debug|ARM64.Build.0 = Debug|Any CPU
		{B75A9334-94F2-418E-BC80-D7DB45397D8D}.Debug|Mixed Platforms.ActiveCfg = Debug|Any CPU
		{B75A9334-94F2-418E-BC80-D7DB45397D8D}.Debug|Mixed Platforms.Build.0 = Debug|Any CPU
		{B75A9334-94F2-418E-BC80-D7DB45397D8D}.Debug|x64.ActiveCfg = Debug|Any CPU
		{B75A9334-94F2-418E-BC80-D7DB45397D8D}.Debug|x64.Build.0 = Debug|Any CPU
		{B75A9334-94F2-418E-BC80-D7DB45397D8D}.Debug|x86.ActiveCfg = Debug|Any CPU
		{B75A9334-94F2-418E-BC80-D7DB45397D8D}.Debug|x86.Build.0 = Debug|Any CPU
		{B75A9334-94F2-418E-BC80-D7DB45397D8D}.Release|Any CPU.ActiveCfg = Release|Any CPU
		{B75A9334-94F2-418E-BC80-D7DB45397D8D}.Release|Any CPU.Build.0 = Release|Any CPU
		{B75A9334-94F2-418E-BC80-D7DB45397D8D}.Release|ARM.ActiveCfg = Release|Any CPU
		{B75A9334-94F2-418E-BC80-D7DB45397D8D}.Release|ARM.Build.0 = Release|Any CPU
		{B75A9334-94F2-418E-BC80-D7DB45397D8D}.Release|ARM64.ActiveCfg = Release|Any CPU
		{B75A9334-94F2-418E-BC80-D7DB45397D8D}.Release|ARM64.Build.0 = Release|Any CPU
		{B75A9334-94F2-418E-BC80-D7DB45397D8D}.Release|Mixed Platforms.ActiveCfg = Release|Any CPU
		{B75A9334-94F2-418E-BC80-D7DB45397D8D}.Release|x64.ActiveCfg = Release|Any CPU
		{B75A9334-94F2-418E-BC80-D7DB45397D8D}.Release|x64.Build.0 = Release|Any CPU
		{B75A9334-94F2-418E-BC80-D7DB45397D8D}.Release|x86.ActiveCfg = Release|Any CPU
		{B75A9334-94F2-418E-BC80-D7DB45397D8D}.Release|x86.Build.0 = Release|Any CPU
		{B75A9334-94F2-418E-BC80-D7DB45397D8D}.Release-Signed|Any CPU.ActiveCfg = Release-Signed|Any CPU
		{B75A9334-94F2-418E-BC80-D7DB45397D8D}.Release-Signed|Any CPU.Build.0 = Release-Signed|Any CPU
		{B75A9334-94F2-418E-BC80-D7DB45397D8D}.Release-Signed|ARM.ActiveCfg = Release-Signed|Any CPU
		{B75A9334-94F2-418E-BC80-D7DB45397D8D}.Release-Signed|ARM.Build.0 = Release-Signed|Any CPU
		{B75A9334-94F2-418E-BC80-D7DB45397D8D}.Release-Signed|ARM64.ActiveCfg = Release-Signed|Any CPU
		{B75A9334-94F2-418E-BC80-D7DB45397D8D}.Release-Signed|ARM64.Build.0 = Release-Signed|Any CPU
		{B75A9334-94F2-418E-BC80-D7DB45397D8D}.Release-Signed|Mixed Platforms.ActiveCfg = Release-Signed|Any CPU
		{B75A9334-94F2-418E-BC80-D7DB45397D8D}.Release-Signed|Mixed Platforms.Build.0 = Release-Signed|Any CPU
		{B75A9334-94F2-418E-BC80-D7DB45397D8D}.Release-Signed|x64.ActiveCfg = Release-Signed|Any CPU
		{B75A9334-94F2-418E-BC80-D7DB45397D8D}.Release-Signed|x64.Build.0 = Release-Signed|Any CPU
		{B75A9334-94F2-418E-BC80-D7DB45397D8D}.Release-Signed|x86.ActiveCfg = Release-Signed|Any CPU
		{B75A9334-94F2-418E-BC80-D7DB45397D8D}.Release-Signed|x86.Build.0 = Release-Signed|Any CPU
		{595EF604-2B0C-4378-BFD9-E1AFAC5C9E9A}.Debug|Any CPU.ActiveCfg = Debug|Any CPU
		{595EF604-2B0C-4378-BFD9-E1AFAC5C9E9A}.Debug|Any CPU.Build.0 = Debug|Any CPU
		{595EF604-2B0C-4378-BFD9-E1AFAC5C9E9A}.Debug|ARM.ActiveCfg = Debug|Any CPU
		{595EF604-2B0C-4378-BFD9-E1AFAC5C9E9A}.Debug|ARM.Build.0 = Debug|Any CPU
		{595EF604-2B0C-4378-BFD9-E1AFAC5C9E9A}.Debug|ARM64.ActiveCfg = Debug|Any CPU
		{595EF604-2B0C-4378-BFD9-E1AFAC5C9E9A}.Debug|ARM64.Build.0 = Debug|Any CPU
		{595EF604-2B0C-4378-BFD9-E1AFAC5C9E9A}.Debug|Mixed Platforms.ActiveCfg = Debug|Any CPU
		{595EF604-2B0C-4378-BFD9-E1AFAC5C9E9A}.Debug|Mixed Platforms.Build.0 = Debug|Any CPU
		{595EF604-2B0C-4378-BFD9-E1AFAC5C9E9A}.Debug|x64.ActiveCfg = Debug|Any CPU
		{595EF604-2B0C-4378-BFD9-E1AFAC5C9E9A}.Debug|x64.Build.0 = Debug|Any CPU
		{595EF604-2B0C-4378-BFD9-E1AFAC5C9E9A}.Debug|x86.ActiveCfg = Debug|Any CPU
		{595EF604-2B0C-4378-BFD9-E1AFAC5C9E9A}.Debug|x86.Build.0 = Debug|Any CPU
		{595EF604-2B0C-4378-BFD9-E1AFAC5C9E9A}.Release|Any CPU.ActiveCfg = Release|Any CPU
		{595EF604-2B0C-4378-BFD9-E1AFAC5C9E9A}.Release|Any CPU.Build.0 = Release|Any CPU
		{595EF604-2B0C-4378-BFD9-E1AFAC5C9E9A}.Release|ARM.ActiveCfg = Release|Any CPU
		{595EF604-2B0C-4378-BFD9-E1AFAC5C9E9A}.Release|ARM.Build.0 = Release|Any CPU
		{595EF604-2B0C-4378-BFD9-E1AFAC5C9E9A}.Release|ARM64.ActiveCfg = Release|Any CPU
		{595EF604-2B0C-4378-BFD9-E1AFAC5C9E9A}.Release|ARM64.Build.0 = Release|Any CPU
		{595EF604-2B0C-4378-BFD9-E1AFAC5C9E9A}.Release|Mixed Platforms.ActiveCfg = Release|Any CPU
		{595EF604-2B0C-4378-BFD9-E1AFAC5C9E9A}.Release|Mixed Platforms.Build.0 = Release|Any CPU
		{595EF604-2B0C-4378-BFD9-E1AFAC5C9E9A}.Release|x64.ActiveCfg = Release|Any CPU
		{595EF604-2B0C-4378-BFD9-E1AFAC5C9E9A}.Release|x64.Build.0 = Release|Any CPU
		{595EF604-2B0C-4378-BFD9-E1AFAC5C9E9A}.Release|x86.ActiveCfg = Release|Any CPU
		{595EF604-2B0C-4378-BFD9-E1AFAC5C9E9A}.Release|x86.Build.0 = Release|Any CPU
		{595EF604-2B0C-4378-BFD9-E1AFAC5C9E9A}.Release-Signed|Any CPU.ActiveCfg = Release|Any CPU
		{595EF604-2B0C-4378-BFD9-E1AFAC5C9E9A}.Release-Signed|Any CPU.Build.0 = Release|Any CPU
		{595EF604-2B0C-4378-BFD9-E1AFAC5C9E9A}.Release-Signed|ARM.ActiveCfg = Release|Any CPU
		{595EF604-2B0C-4378-BFD9-E1AFAC5C9E9A}.Release-Signed|ARM.Build.0 = Release|Any CPU
		{595EF604-2B0C-4378-BFD9-E1AFAC5C9E9A}.Release-Signed|ARM64.ActiveCfg = Release|Any CPU
		{595EF604-2B0C-4378-BFD9-E1AFAC5C9E9A}.Release-Signed|ARM64.Build.0 = Release|Any CPU
		{595EF604-2B0C-4378-BFD9-E1AFAC5C9E9A}.Release-Signed|Mixed Platforms.ActiveCfg = Release|Any CPU
		{595EF604-2B0C-4378-BFD9-E1AFAC5C9E9A}.Release-Signed|Mixed Platforms.Build.0 = Release|Any CPU
		{595EF604-2B0C-4378-BFD9-E1AFAC5C9E9A}.Release-Signed|x64.ActiveCfg = Release|Any CPU
		{595EF604-2B0C-4378-BFD9-E1AFAC5C9E9A}.Release-Signed|x64.Build.0 = Release|Any CPU
		{595EF604-2B0C-4378-BFD9-E1AFAC5C9E9A}.Release-Signed|x86.ActiveCfg = Release|Any CPU
		{595EF604-2B0C-4378-BFD9-E1AFAC5C9E9A}.Release-Signed|x86.Build.0 = Release|Any CPU
	EndGlobalSection
	GlobalSection(SolutionProperties) = preSolution
		HideSolutionNode = FALSE
	EndGlobalSection
	GlobalSection(ExtensibilityGlobals) = postSolution
		SolutionGuid = {5B6BB1CB-903D-4FD6-A8D0-AC0F0EBAACB2}
	EndGlobalSection
EndGlobal
